
Microsoft Visual Studio Solution File, Format Version 12.00
# Visual Studio Version 17
VisualStudioVersion = 17.14.37027.9 d17.14
MinimumVisualStudioVersion = 10.0.40219.1
Project("{FAE04EC0-301F-11D3-BF4B-00C04F79EFBC}") = "ReciboMAUIApp", "ReciboMAUIApp\ReciboMAUIApp.csproj", "{30939FB8-8EFA-4190-9360-3F3EFA57A5CF}"
EndProject
Global
	GlobalSection(SolutionConfigurationPlatforms) = preSolution
		Debug|Any CPU = Debug|Any CPU
		Release|Any CPU = Release|Any CPU
	EndGlobalSection
	GlobalSection(ProjectConfigurationPlatforms) = postSolution
		{30939FB8-8EFA-4190-9360-3F3EFA57A5CF}.Debug|Any CPU.ActiveCfg = Debug|Any CPU
		{30939FB8-8EFA-4190-9360-3F3EFA57A5CF}.Debug|Any CPU.Build.0 = Debug|Any CPU
		{30939FB8-8EFA-4190-9360-3F3EFA57A5CF}.Release|Any CPU.ActiveCfg = Release|Any CPU
		{30939FB8-8EFA-4190-9360-3F3EFA57A5CF}.Release|Any CPU.Build.0 = Release|Any CPU
	EndGlobalSection
	GlobalSection(SolutionProperties) = preSolution
		HideSolutionNode = FALSE
	EndGlobalSection
	GlobalSection(ExtensibilityGlobals) = postSolution
		SolutionGuid = {650E0FF1-0899-4029-BB74-E4E5E7C0126E}
	EndGlobalSection
EndGlobal
